
Microsoft Visual Studio Solution File, Format Version 12.00
# Visual Studio Version 16
VisualStudioVersion = 16.0.30104.148
MinimumVisualStudioVersion = 10.0.40219.1
Project("{FAE04EC0-301F-11D3-BF4B-00C04F79EFBC}") = "QLKSan", "QLKSan.csproj", "{76476A99-AE66-4A1C-8CE8-F681CFBC2311}"
EndProject
Global
	GlobalSection(SolutionConfigurationPlatforms) = preSolution
		Debug|Any CPU = Debug|Any CPU
		Release|Any CPU = Release|Any CPU
	EndGlobalSection
	GlobalSection(ProjectConfigurationPlatforms) = postSolution
		{76476A99-AE66-4A1C-8CE8-F681CFBC2311}.Debug|Any CPU.ActiveCfg = Debug|Any CPU
		{76476A99-AE66-4A1C-8CE8-F681CFBC2311}.Debug|Any CPU.Build.0 = Debug|Any CPU
		{76476A99-AE66-4A1C-8CE8-F681CFBC2311}.Release|Any CPU.ActiveCfg = Release|Any CPU
		{76476A99-AE66-4A1C-8CE8-F681CFBC2311}.Release|Any CPU.Build.0 = Release|Any CPU
	EndGlobalSection
	GlobalSection(SolutionProperties) = preSolution
		HideSolutionNode = FALSE
	EndGlobalSection
	GlobalSection(ExtensibilityGlobals) = postSolution
		SolutionGuid = {793CE061-59E2-4386-AA95-24B43E9DBCB8}
	EndGlobalSection
EndGlobal
